{
  "name": "angular",
  "version": "1.4.7",
  "lockfileVersion": 1,
  "requires": true,
  "dependencies": {
    "adityasharma-ng-button": {
      "version": "git+https://015fbe97f2c90616ed9742fb62dc0a69d66a1ab3:aditya007007@github.com/aditya007007/node-package-repo-test.git#a4c0705f18e0d021b0046d97e327f0402da7cfb4",
      "from": "git+https://015fbe97f2c90616ed9742fb62dc0a69d66a1ab3:aditya007007@github.com/aditya007007/node-package-repo-test.git",
      "requires": {
        "moment": "^2.24.0"
      }
    },
    "moment": {
      "version": "2.29.4",
      "resolved": "https://registry.npmjs.org/moment/-/moment-2.29.4.tgz",
      "integrity": "sha512-5LC9SOxjSc2HF6vO2CyuTDNivEdoz2IvyJJGj6X8DJ0eFyfszE0QiEd+iXmBvUP3WHxSjFH/vIsA0EN00cgr8w=="
    }
  }
}
